// !$*UTF8*$!
{
	archiveVersion = 1;
	classes = {
	};
	objectVersion = 45;
	objects = {

/* Begin PBXBuildFile section */
		1D3623260D0F684500981E51 /* TNTSpriteEngineAppDelegate.m in Sources */ = {isa = PBXBuildFile; fileRef = 1D3623250D0F684500981E51 /* TNTSpriteEngineAppDelegate.m */; };
		1D60589B0D05DD56006BFB54 /* main.m in Sources */ = {isa = PBXBuildFile; fileRef = 29B97316FDCFA39411CA2CEA /* main.m */; };
		1D60589F0D05DD5A006BFB54 /* Foundation.framework in Frameworks */ = {isa = PBXBuildFile; fileRef = 1D30AB110D05D00D00671497 /* Foundation.framework */; };
		1DF5F4E00D08C38300B7A737 /* UIKit.framework in Frameworks */ = {isa = PBXBuildFile; fileRef = 1DF5F4DF0D08C38300B7A737 /* UIKit.framework */; };
		288765A50DF7441C002DB57D /* CoreGraphics.framework in Frameworks */ = {isa = PBXBuildFile; fileRef = 288765A40DF7441C002DB57D /* CoreGraphics.framework */; };
		2899E5220DE3E06400AC0155 /* TNTSpriteEngineViewController.xib in Resources */ = {isa = PBXBuildFile; fileRef = 2899E5210DE3E06400AC0155 /* TNTSpriteEngineViewController.xib */; };
		28AD733F0D9D9553002E5188 /* MainWindow.xib in Resources */ = {isa = PBXBuildFile; fileRef = 28AD733E0D9D9553002E5188 /* MainWindow.xib */; };
		28D7ACF80DDB3853001CB0EB /* TNTSpriteEngineViewController.m in Sources */ = {isa = PBXBuildFile; fileRef = 28D7ACF70DDB3853001CB0EB /* TNTSpriteEngineViewController.m */; };
		2A11AAC912550E8D00B76EF1 /* hud.png in Resources */ = {isa = PBXBuildFile; fileRef = 2A11AAC812550E8D00B76EF1 /* hud.png */; };
		2A11AACD12550ED800B76EF1 /* HUD.m in Sources */ = {isa = PBXBuildFile; fileRef = 2A11AACC12550ED800B76EF1 /* HUD.m */; };
		2A11AADD1255107400B76EF1 /* hearts.png in Resources */ = {isa = PBXBuildFile; fileRef = 2A11AADC1255107400B76EF1 /* hearts.png */; };
		2A11ABE3125518E800B76EF1 /* life_title.png in Resources */ = {isa = PBXBuildFile; fileRef = 2A11ABE2125518E800B76EF1 /* life_title.png */; };
		2A7CEB73124FF28E0083E8E6 /* lvl1_idx.csv in Resources */ = {isa = PBXBuildFile; fileRef = 2A7CEB72124FF28E0083E8E6 /* lvl1_idx.csv */; };
		2A84E448125282D600F159F6 /* bg_controller.png in Resources */ = {isa = PBXBuildFile; fileRef = 2A84E447125282D600F159F6 /* bg_controller.png */; };
		2A84E46F125283E600F159F6 /* Controller.m in Sources */ = {isa = PBXBuildFile; fileRef = 2A84E46E125283E600F159F6 /* Controller.m */; };
		2A84E4851252859F00F159F6 /* dpad.png in Resources */ = {isa = PBXBuildFile; fileRef = 2A84E4841252859F00F159F6 /* dpad.png */; };
		2A84E4921252862E00F159F6 /* DPad.m in Sources */ = {isa = PBXBuildFile; fileRef = 2A84E4911252862E00F159F6 /* DPad.m */; };
		2A84E7F31252A9C500F159F6 /* thumbMarker.png in Resources */ = {isa = PBXBuildFile; fileRef = 2A84E7F21252A9C500F159F6 /* thumbMarker.png */; };
		2A99076F12566BA900F0314B /* GSMainMenu.m in Sources */ = {isa = PBXBuildFile; fileRef = 2A99076D12566BA900F0314B /* GSMainMenu.m */; };
		2A99077012566BA900F0314B /* GSMainMenu.xib in Resources */ = {isa = PBXBuildFile; fileRef = 2A99076E12566BA900F0314B /* GSMainMenu.xib */; };
		2A9C611E1252549200D2E85D /* Animation.m in Sources */ = {isa = PBXBuildFile; fileRef = 2A9C611B1252549200D2E85D /* Animation.m */; };
		2A9C611F1252549200D2E85D /* Sprite.m in Sources */ = {isa = PBXBuildFile; fileRef = 2A9C611D1252549200D2E85D /* Sprite.m */; };
		2A9C612A1252552D00D2E85D /* Entity.m in Sources */ = {isa = PBXBuildFile; fileRef = 2A9C61291252552D00D2E85D /* Entity.m */; };
		2A9C61521252561A00D2E85D /* tom_walk.png in Resources */ = {isa = PBXBuildFile; fileRef = 2A9C61511252561A00D2E85D /* tom_walk.png */; };
		2A9C6166125256CB00D2E85D /* Animations.plist in Resources */ = {isa = PBXBuildFile; fileRef = 2A9C6165125256CB00D2E85D /* Animations.plist */; };
		2A9C618E1252583A00D2E85D /* Player.m in Sources */ = {isa = PBXBuildFile; fileRef = 2A9C618D1252583A00D2E85D /* Player.m */; };
		2A9C619B125258B200D2E85D /* pointmath.m in Sources */ = {isa = PBXBuildFile; fileRef = 2A9C619A125258B200D2E85D /* pointmath.m */; };
		2A9C624812525F4900D2E85D /* Collisions.plist in Resources */ = {isa = PBXBuildFile; fileRef = 2A9C624712525F4900D2E85D /* Collisions.plist */; };
		2A9C62751252665C00D2E85D /* player.png in Resources */ = {isa = PBXBuildFile; fileRef = 2A9C62741252665C00D2E85D /* player.png */; };
		2AED4F631253D0C600CC0071 /* Maps.plist in Resources */ = {isa = PBXBuildFile; fileRef = 2AED4F621253D0C600CC0071 /* Maps.plist */; };
		2AED4F651253D1C900CC0071 /* lvl2_idx.csv in Resources */ = {isa = PBXBuildFile; fileRef = 2AED4F641253D1C900CC0071 /* lvl2_idx.csv */; };
		5B2BBC5E124F14DA0045320D /* Tile.m in Sources */ = {isa = PBXBuildFile; fileRef = 5B2BBC5B124F14DA0045320D /* Tile.m */; };
		5B2BBC5F124F14DA0045320D /* TileWorld.m in Sources */ = {isa = PBXBuildFile; fileRef = 5B2BBC5D124F14DA0045320D /* TileWorld.m */; };
		5B2BBC75124F16C70045320D /* tilemap_32.png in Resources */ = {isa = PBXBuildFile; fileRef = 5B2BBC74124F16C70045320D /* tilemap_32.png */; };
		5B60DAF1124EEF66004D846C /* GameState.m in Sources */ = {isa = PBXBuildFile; fileRef = 5B60DAE4124EEF66004D846C /* GameState.m */; };
		5B60DAF2124EEF66004D846C /* GameStateManager.m in Sources */ = {isa = PBXBuildFile; fileRef = 5B60DAE6124EEF66004D846C /* GameStateManager.m */; };
		5B60DAF3124EEF66004D846C /* GLESGameState.m in Sources */ = {isa = PBXBuildFile; fileRef = 5B60DAE8124EEF66004D846C /* GLESGameState.m */; };
		5B60DAF4124EEF66004D846C /* GLFont.m in Sources */ = {isa = PBXBuildFile; fileRef = 5B60DAEA124EEF66004D846C /* GLFont.m */; };
		5B60DAF5124EEF66004D846C /* GLTexture.m in Sources */ = {isa = PBXBuildFile; fileRef = 5B60DAEC124EEF66004D846C /* GLTexture.m */; };
		5B60DAF6124EEF66004D846C /* ResourceManager.m in Sources */ = {isa = PBXBuildFile; fileRef = 5B60DAEE124EEF66004D846C /* ResourceManager.m */; };
		5B60DAF7124EEF66004D846C /* SoundEngine.cpp in Sources */ = {isa = PBXBuildFile; fileRef = 5B60DAEF124EEF66004D846C /* SoundEngine.cpp */; };
		5B60DB04124EEF7A004D846C /* AudioToolbox.framework in Frameworks */ = {isa = PBXBuildFile; fileRef = 5B60DB03124EEF7A004D846C /* AudioToolbox.framework */; };
		5B60DB08124EEF88004D846C /* OpenAL.framework in Frameworks */ = {isa = PBXBuildFile; fileRef = 5B60DB07124EEF88004D846C /* OpenAL.framework */; };
		5B60DB0C124EEF8E004D846C /* OpenGLES.framework in Frameworks */ = {isa = PBXBuildFile; fileRef = 5B60DB0B124EEF8E004D846C /* OpenGLES.framework */; };
		5B60DB2B124EF013004D846C /* QuartzCore.framework in Frameworks */ = {isa = PBXBuildFile; fileRef = 5B60DB2A124EF013004D846C /* QuartzCore.framework */; };
		5B60DC3A124EF3D5004D846C /* link.png in Resources */ = {isa = PBXBuildFile; fileRef = 5B60DC39124EF3D5004D846C /* link.png */; };
		5BB828A5124ED5F1009887F9 /* GSMain.m in Sources */ = {isa = PBXBuildFile; fileRef = 5BB828A4124ED5F1009887F9 /* GSMain.m */; };
/* End PBXBuildFile section */

/* Begin PBXFileReference section */
		1D30AB110D05D00D00671497 /* Foundation.framework */ = {isa = PBXFileReference; lastKnownFileType = wrapper.framework; name = Foundation.framework; path = System/Library/Frameworks/Foundation.framework; sourceTree = SDKROOT; };
		1D3623240D0F684500981E51 /* TNTSpriteEngineAppDelegate.h */ = {isa = PBXFileReference; fileEncoding = 4; lastKnownFileType = sourcecode.c.h; path = TNTSpriteEngineAppDelegate.h; sourceTree = "<group>"; };
		1D3623250D0F684500981E51 /* TNTSpriteEngineAppDelegate.m */ = {isa = PBXFileReference; fileEncoding = 4; lastKnownFileType = sourcecode.c.objc; path = TNTSpriteEngineAppDelegate.m; sourceTree = "<group>"; };
		1D6058910D05DD3D006BFB54 /* TNTSpriteEngine.app */ = {isa = PBXFileReference; explicitFileType = wrapper.application; includeInIndex = 0; path = TNTSpriteEngine.app; sourceTree = BUILT_PRODUCTS_DIR; };
		1DF5F4DF0D08C38300B7A737 /* UIKit.framework */ = {isa = PBXFileReference; lastKnownFileType = wrapper.framework; name = UIKit.framework; path = System/Library/Frameworks/UIKit.framework; sourceTree = SDKROOT; };
		288765A40DF7441C002DB57D /* CoreGraphics.framework */ = {isa = PBXFileReference; lastKnownFileType = wrapper.framework; name = CoreGraphics.framework; path = System/Library/Frameworks/CoreGraphics.framework; sourceTree = SDKROOT; };
		2899E5210DE3E06400AC0155 /* TNTSpriteEngineViewController.xib */ = {isa = PBXFileReference; lastKnownFileType = file.xib; name = TNTSpriteEngineViewController.xib; path = ../TNTSpriteEngineViewController.xib; sourceTree = "<group>"; };
		28AD733E0D9D9553002E5188 /* MainWindow.xib */ = {isa = PBXFileReference; lastKnownFileType = file.xib; path = MainWindow.xib; sourceTree = "<group>"; };
		28D7ACF60DDB3853001CB0EB /* TNTSpriteEngineViewController.h */ = {isa = PBXFileReference; fileEncoding = 4; lastKnownFileType = sourcecode.c.h; path = TNTSpriteEngineViewController.h; sourceTree = "<group>"; };
		28D7ACF70DDB3853001CB0EB /* TNTSpriteEngineViewController.m */ = {isa = PBXFileReference; fileEncoding = 4; lastKnownFileType = sourcecode.c.objc; path = TNTSpriteEngineViewController.m; sourceTree = "<group>"; };
		29B97316FDCFA39411CA2CEA /* main.m */ = {isa = PBXFileReference; fileEncoding = 4; lastKnownFileType = sourcecode.c.objc; path = main.m; sourceTree = "<group>"; };
		2A11AAC812550E8D00B76EF1 /* hud.png */ = {isa = PBXFileReference; lastKnownFileType = image.png; path = hud.png; sourceTree = "<group>"; };
		2A11AACB12550ED800B76EF1 /* HUD.h */ = {isa = PBXFileReference; fileEncoding = 4; lastKnownFileType = sourcecode.c.h; path = HUD.h; sourceTree = "<group>"; };
		2A11AACC12550ED800B76EF1 /* HUD.m */ = {isa = PBXFileReference; fileEncoding = 4; lastKnownFileType = sourcecode.c.objc; path = HUD.m; sourceTree = "<group>"; };
		2A11AADC1255107400B76EF1 /* hearts.png */ = {isa = PBXFileReference; lastKnownFileType = image.png; path = hearts.png; sourceTree = "<group>"; };
		2A11ABE2125518E800B76EF1 /* life_title.png */ = {isa = PBXFileReference; lastKnownFileType = image.png; path = life_title.png; sourceTree = "<group>"; };
		2A7CEB72124FF28E0083E8E6 /* lvl1_idx.csv */ = {isa = PBXFileReference; fileEncoding = 4; lastKnownFileType = text; name = lvl1_idx.csv; path = Maps/lvl1_idx.csv; sourceTree = "<group>"; };
		2A84E447125282D600F159F6 /* bg_controller.png */ = {isa = PBXFileReference; lastKnownFileType = image.png; path = bg_controller.png; sourceTree = "<group>"; };
		2A84E46D125283E600F159F6 /* Controller.h */ = {isa = PBXFileReference; fileEncoding = 4; lastKnownFileType = sourcecode.c.h; path = Controller.h; sourceTree = "<group>"; };
		2A84E46E125283E600F159F6 /* Controller.m */ = {isa = PBXFileReference; fileEncoding = 4; lastKnownFileType = sourcecode.c.objc; path = Controller.m; sourceTree = "<group>"; };
		2A84E4841252859F00F159F6 /* dpad.png */ = {isa = PBXFileReference; lastKnownFileType = image.png; path = dpad.png; sourceTree = "<group>"; };
		2A84E4901252862E00F159F6 /* DPad.h */ = {isa = PBXFileReference; fileEncoding = 4; lastKnownFileType = sourcecode.c.h; path = DPad.h; sourceTree = "<group>"; };
		2A84E4911252862E00F159F6 /* DPad.m */ = {isa = PBXFileReference; fileEncoding = 4; lastKnownFileType = sourcecode.c.objc; path = DPad.m; sourceTree = "<group>"; };
		2A84E7F21252A9C500F159F6 /* thumbMarker.png */ = {isa = PBXFileReference; lastKnownFileType = image.png; path = thumbMarker.png; sourceTree = "<group>"; };
		2A99076C12566BA900F0314B /* GSMainMenu.h */ = {isa = PBXFileReference; fileEncoding = 4; lastKnownFileType = sourcecode.c.h; path = GSMainMenu.h; sourceTree = "<group>"; };
		2A99076D12566BA900F0314B /* GSMainMenu.m */ = {isa = PBXFileReference; fileEncoding = 4; lastKnownFileType = sourcecode.c.objc; path = GSMainMenu.m; sourceTree = "<group>"; };
		2A99076E12566BA900F0314B /* GSMainMenu.xib */ = {isa = PBXFileReference; lastKnownFileType = file.xib; path = GSMainMenu.xib; sourceTree = "<group>"; };
		2A9C611A1252549200D2E85D /* Animation.h */ = {isa = PBXFileReference; fileEncoding = 4; lastKnownFileType = sourcecode.c.h; name = Animation.h; path = Classes/Animation.h; sourceTree = "<group>"; };
		2A9C611B1252549200D2E85D /* Animation.m */ = {isa = PBXFileReference; fileEncoding = 4; lastKnownFileType = sourcecode.c.objc; name = Animation.m; path = Classes/Animation.m; sourceTree = "<group>"; };
		2A9C611C1252549200D2E85D /* Sprite.h */ = {isa = PBXFileReference; fileEncoding = 4; lastKnownFileType = sourcecode.c.h; name = Sprite.h; path = Classes/Sprite.h; sourceTree = "<group>"; };
		2A9C611D1252549200D2E85D /* Sprite.m */ = {isa = PBXFileReference; fileEncoding = 4; lastKnownFileType = sourcecode.c.objc; name = Sprite.m; path = Classes/Sprite.m; sourceTree = "<group>"; };
		2A9C61281252552D00D2E85D /* Entity.h */ = {isa = PBXFileReference; fileEncoding = 4; lastKnownFileType = sourcecode.c.h; name = Entity.h; path = Classes/Entity.h; sourceTree = "<group>"; };
		2A9C61291252552D00D2E85D /* Entity.m */ = {isa = PBXFileReference; fileEncoding = 4; lastKnownFileType = sourcecode.c.objc; name = Entity.m; path = Classes/Entity.m; sourceTree = "<group>"; };
		2A9C61511252561A00D2E85D /* tom_walk.png */ = {isa = PBXFileReference; lastKnownFileType = image.png; path = tom_walk.png; sourceTree = "<group>"; };
		2A9C6165125256CB00D2E85D /* Animations.plist */ = {isa = PBXFileReference; fileEncoding = 4; lastKnownFileType = text.plist.xml; path = Animations.plist; sourceTree = "<group>"; };
		2A9C618C1252583A00D2E85D /* Player.h */ = {isa = PBXFileReference; fileEncoding = 4; lastKnownFileType = sourcecode.c.h; name = Player.h; path = Classes/Player.h; sourceTree = "<group>"; };
		2A9C618D1252583A00D2E85D /* Player.m */ = {isa = PBXFileReference; fileEncoding = 4; lastKnownFileType = sourcecode.c.objc; name = Player.m; path = Classes/Player.m; sourceTree = "<group>"; };
		2A9C6199125258B200D2E85D /* pointmath.h */ = {isa = PBXFileReference; fileEncoding = 4; lastKnownFileType = sourcecode.c.h; name = pointmath.h; path = Classes/pointmath.h; sourceTree = "<group>"; };
		2A9C619A125258B200D2E85D /* pointmath.m */ = {isa = PBXFileReference; fileEncoding = 4; lastKnownFileType = sourcecode.c.objc; name = pointmath.m; path = Classes/pointmath.m; sourceTree = "<group>"; };
		2A9C624712525F4900D2E85D /* Collisions.plist */ = {isa = PBXFileReference; fileEncoding = 4; lastKnownFileType = text.plist.xml; path = Collisions.plist; plistStructureDefinitionIdentifier = "<none>"; sourceTree = "<group>"; };
		2A9C62741252665C00D2E85D /* player.png */ = {isa = PBXFileReference; lastKnownFileType = image.png; path = player.png; sourceTree = "<group>"; };
		2AED4F621253D0C600CC0071 /* Maps.plist */ = {isa = PBXFileReference; fileEncoding = 4; lastKnownFileType = text.plist.xml; path = Maps.plist; sourceTree = "<group>"; };
		2AED4F641253D1C900CC0071 /* lvl2_idx.csv */ = {isa = PBXFileReference; fileEncoding = 4; lastKnownFileType = text; name = lvl2_idx.csv; path = Maps/lvl2_idx.csv; sourceTree = "<group>"; };
		32CA4F630368D1EE00C91783 /* TNTSpriteEngine_Prefix.pch */ = {isa = PBXFileReference; fileEncoding = 4; lastKnownFileType = sourcecode.c.h; path = TNTSpriteEngine_Prefix.pch; sourceTree = "<group>"; };
		5B2BBC5A124F14DA0045320D /* Tile.h */ = {isa = PBXFileReference; fileEncoding = 4; lastKnownFileType = sourcecode.c.h; name = Tile.h; path = Classes/Tile.h; sourceTree = "<group>"; };
		5B2BBC5B124F14DA0045320D /* Tile.m */ = {isa = PBXFileReference; fileEncoding = 4; lastKnownFileType = sourcecode.c.objc; name = Tile.m; path = Classes/Tile.m; sourceTree = "<group>"; };
		5B2BBC5C124F14DA0045320D /* TileWorld.h */ = {isa = PBXFileReference; fileEncoding = 4; lastKnownFileType = sourcecode.c.h; name = TileWorld.h; path = Classes/TileWorld.h; sourceTree = "<group>"; };
		5B2BBC5D124F14DA0045320D /* TileWorld.m */ = {isa = PBXFileReference; fileEncoding = 4; lastKnownFileType = sourcecode.c.objc; name = TileWorld.m; path = Classes/TileWorld.m; sourceTree = "<group>"; };
		5B2BBC74124F16C70045320D /* tilemap_32.png */ = {isa = PBXFileReference; lastKnownFileType = image.png; path = tilemap_32.png; sourceTree = "<group>"; };
		5B60DAE3124EEF66004D846C /* GameState.h */ = {isa = PBXFileReference; fileEncoding = 4; lastKnownFileType = sourcecode.c.h; name = GameState.h; path = Classes/Framework/GameState.h; sourceTree = "<group>"; };
		5B60DAE4124EEF66004D846C /* GameState.m */ = {isa = PBXFileReference; fileEncoding = 4; lastKnownFileType = sourcecode.c.objc; name = GameState.m; path = Classes/Framework/GameState.m; sourceTree = "<group>"; };
		5B60DAE5124EEF66004D846C /* GameStateManager.h */ = {isa = PBXFileReference; fileEncoding = 4; lastKnownFileType = sourcecode.c.h; name = GameStateManager.h; path = Classes/Framework/GameStateManager.h; sourceTree = "<group>"; };
		5B60DAE6124EEF66004D846C /* GameStateManager.m */ = {isa = PBXFileReference; fileEncoding = 4; lastKnownFileType = sourcecode.c.objc; name = GameStateManager.m; path = Classes/Framework/GameStateManager.m; sourceTree = "<group>"; };
		5B60DAE7124EEF66004D846C /* GLESGameState.h */ = {isa = PBXFileReference; fileEncoding = 4; lastKnownFileType = sourcecode.c.h; name = GLESGameState.h; path = Classes/Framework/GLESGameState.h; sourceTree = "<group>"; };
		5B60DAE8124EEF66004D846C /* GLESGameState.m */ = {isa = PBXFileReference; fileEncoding = 4; lastKnownFileType = sourcecode.c.objc; name = GLESGameState.m; path = Classes/Framework/GLESGameState.m; sourceTree = "<group>"; };
		5B60DAE9124EEF66004D846C /* GLFont.h */ = {isa = PBXFileReference; fileEncoding = 4; lastKnownFileType = sourcecode.c.h; name = GLFont.h; path = Classes/Framework/GLFont.h; sourceTree = "<group>"; };
		5B60DAEA124EEF66004D846C /* GLFont.m */ = {isa = PBXFileReference; fileEncoding = 4; lastKnownFileType = sourcecode.c.objc; name = GLFont.m; path = Classes/Framework/GLFont.m; sourceTree = "<group>"; };
		5B60DAEB124EEF66004D846C /* GLTexture.h */ = {isa = PBXFileReference; fileEncoding = 4; lastKnownFileType = sourcecode.c.h; name = GLTexture.h; path = Classes/Framework/GLTexture.h; sourceTree = "<group>"; };
		5B60DAEC124EEF66004D846C /* GLTexture.m */ = {isa = PBXFileReference; fileEncoding = 4; lastKnownFileType = sourcecode.c.objc; name = GLTexture.m; path = Classes/Framework/GLTexture.m; sourceTree = "<group>"; };
		5B60DAED124EEF66004D846C /* ResourceManager.h */ = {isa = PBXFileReference; fileEncoding = 4; lastKnownFileType = sourcecode.c.h; name = ResourceManager.h; path = Classes/Framework/ResourceManager.h; sourceTree = "<group>"; };
		5B60DAEE124EEF66004D846C /* ResourceManager.m */ = {isa = PBXFileReference; fileEncoding = 4; lastKnownFileType = sourcecode.c.objc; name = ResourceManager.m; path = Classes/Framework/ResourceManager.m; sourceTree = "<group>"; };
		5B60DAEF124EEF66004D846C /* SoundEngine.cpp */ = {isa = PBXFileReference; fileEncoding = 4; lastKnownFileType = sourcecode.cpp.cpp; name = SoundEngine.cpp; path = Classes/Framework/SoundEngine.cpp; sourceTree = "<group>"; };
		5B60DAF0124EEF66004D846C /* SoundEngine.h */ = {isa = PBXFileReference; fileEncoding = 4; lastKnownFileType = sourcecode.c.h; name = SoundEngine.h; path = Classes/Framework/SoundEngine.h; sourceTree = "<group>"; };
		5B60DB03124EEF7A004D846C /* AudioToolbox.framework */ = {isa = PBXFileReference; lastKnownFileType = wrapper.framework; name = AudioToolbox.framework; path = System/Library/Frameworks/AudioToolbox.framework; sourceTree = SDKROOT; };
		5B60DB07124EEF88004D846C /* OpenAL.framework */ = {isa = PBXFileReference; lastKnownFileType = wrapper.framework; name = OpenAL.framework; path = System/Library/Frameworks/OpenAL.framework; sourceTree = SDKROOT; };
		5B60DB0B124EEF8E004D846C /* OpenGLES.framework */ = {isa = PBXFileReference; lastKnownFileType = wrapper.framework; name = OpenGLES.framework; path = System/Library/Frameworks/OpenGLES.framework; sourceTree = SDKROOT; };
		5B60DB2A124EF013004D846C /* QuartzCore.framework */ = {isa = PBXFileReference; lastKnownFileType = wrapper.framework; name = QuartzCore.framework; path = System/Library/Frameworks/QuartzCore.framework; sourceTree = SDKROOT; };
		5B60DC39124EF3D5004D846C /* link.png */ = {isa = PBXFileReference; lastKnownFileType = image.png; path = link.png; sourceTree = "<group>"; };
		5BB828A3124ED5F1009887F9 /* GSMain.h */ = {isa = PBXFileReference; fileEncoding = 4; lastKnownFileType = sourcecode.c.h; name = GSMain.h; path = Classes/GSMain.h; sourceTree = "<group>"; };
		5BB828A4124ED5F1009887F9 /* GSMain.m */ = {isa = PBXFileReference; fileEncoding = 4; lastKnownFileType = sourcecode.c.objc; name = GSMain.m; path = Classes/GSMain.m; sourceTree = "<group>"; };
		8D1107310486CEB800E47090 /* TNTSpriteEngine-Info.plist */ = {isa = PBXFileReference; fileEncoding = 4; lastKnownFileType = text.plist.xml; path = "TNTSpriteEngine-Info.plist"; plistStructureDefinitionIdentifier = "com.apple.xcode.plist.structure-definition.iphone.info-plist"; sourceTree = "<group>"; };
/* End PBXFileReference section */

/* Begin PBXFrameworksBuildPhase section */
		1D60588F0D05DD3D006BFB54 /* Frameworks */ = {
			isa = PBXFrameworksBuildPhase;
			buildActionMask = 2147483647;
			files = (
				1D60589F0D05DD5A006BFB54 /* Foundation.framework in Frameworks */,
				1DF5F4E00D08C38300B7A737 /* UIKit.framework in Frameworks */,
				288765A50DF7441C002DB57D /* CoreGraphics.framework in Frameworks */,
				5B60DB04124EEF7A004D846C /* AudioToolbox.framework in Frameworks */,
				5B60DB08124EEF88004D846C /* OpenAL.framework in Frameworks */,
				5B60DB0C124EEF8E004D846C /* OpenGLES.framework in Frameworks */,
				5B60DB2B124EF013004D846C /* QuartzCore.framework in Frameworks */,
			);
			runOnlyForDeploymentPostprocessing = 0;
		};
/* End PBXFrameworksBuildPhase section */

/* Begin PBXGroup section */
		080E96DDFE201D6D7F000001 /* Classes */ = {
			isa = PBXGroup;
			children = (
				1D3623240D0F684500981E51 /* TNTSpriteEngineAppDelegate.h */,
				1D3623250D0F684500981E51 /* TNTSpriteEngineAppDelegate.m */,
				28D7ACF60DDB3853001CB0EB /* TNTSpriteEngineViewController.h */,
				28D7ACF70DDB3853001CB0EB /* TNTSpriteEngineViewController.m */,
				2899E5210DE3E06400AC0155 /* TNTSpriteEngineViewController.xib */,
			);
			path = Classes;
			sourceTree = "<group>";
		};
		19C28FACFE9D520D11CA2CBB /* Products */ = {
			isa = PBXGroup;
			children = (
				1D6058910D05DD3D006BFB54 /* TNTSpriteEngine.app */,
			);
			name = Products;
			sourceTree = "<group>";
		};
		29B97314FDCFA39411CA2CEA /* CustomTemplate */ = {
			isa = PBXGroup;
			children = (
				5BB82909124EDC8F009887F9 /* Framework */,
				2A9C60F11252530C00D2E85D /* Game Engine */,
				2A9C60F21252534500D2E85D /* Game */,
				29B97315FDCFA39411CA2CEA /* Other Sources */,
				29B97317FDCFA39411CA2CEA /* Resources */,
				29B97323FDCFA39411CA2CEA /* Frameworks */,
				19C28FACFE9D520D11CA2CBB /* Products */,
			);
			name = CustomTemplate;
			sourceTree = "<group>";
		};
		29B97315FDCFA39411CA2CEA /* Other Sources */ = {
			isa = PBXGroup;
			children = (
				32CA4F630368D1EE00C91783 /* TNTSpriteEngine_Prefix.pch */,
				29B97316FDCFA39411CA2CEA /* main.m */,
			);
			name = "Other Sources";
			sourceTree = "<group>";
		};
		29B97317FDCFA39411CA2CEA /* Resources */ = {
			isa = PBXGroup;
			children = (
				28AD733E0D9D9553002E5188 /* MainWindow.xib */,
				8D1107310486CEB800E47090 /* TNTSpriteEngine-Info.plist */,
			);
			name = Resources;
			sourceTree = "<group>";
		};
		29B97323FDCFA39411CA2CEA /* Frameworks */ = {
			isa = PBXGroup;
			children = (
				5B60DB0B124EEF8E004D846C /* OpenGLES.framework */,
				5B60DB07124EEF88004D846C /* OpenAL.framework */,
				5B60DB2A124EF013004D846C /* QuartzCore.framework */,
				1DF5F4DF0D08C38300B7A737 /* UIKit.framework */,
				1D30AB110D05D00D00671497 /* Foundation.framework */,
				288765A40DF7441C002DB57D /* CoreGraphics.framework */,
				5B60DB03124EEF7A004D846C /* AudioToolbox.framework */,
			);
			name = Frameworks;
			sourceTree = "<group>";
		};
		2A9C60F11252530C00D2E85D /* Game Engine */ = {
			isa = PBXGroup;
			children = (
				2A9C6199125258B200D2E85D /* pointmath.h */,
				2A9C619A125258B200D2E85D /* pointmath.m */,
				2A9C618C1252583A00D2E85D /* Player.h */,
				2A9C618D1252583A00D2E85D /* Player.m */,
				2A9C61281252552D00D2E85D /* Entity.h */,
				2A9C61291252552D00D2E85D /* Entity.m */,
				2A9C611A1252549200D2E85D /* Animation.h */,
				2A9C611B1252549200D2E85D /* Animation.m */,
				2A9C611C1252549200D2E85D /* Sprite.h */,
				2A9C611D1252549200D2E85D /* Sprite.m */,
				5B2BBC5A124F14DA0045320D /* Tile.h */,
				5B2BBC5B124F14DA0045320D /* Tile.m */,
				5B2BBC5C124F14DA0045320D /* TileWorld.h */,
				5B2BBC5D124F14DA0045320D /* TileWorld.m */,
			);
			name = "Game Engine";
			sourceTree = "<group>";
		};
		2A9C60F21252534500D2E85D /* Game */ = {
			isa = PBXGroup;
			children = (
				2A9C62661252617600D2E85D /* Game Resources */,
				2A9C60F5125253B100D2E85D /* Entities */,
				5BB8290A124EDCA2009887F9 /* Game States */,
				080E96DDFE201D6D7F000001 /* Classes */,
			);
			name = Game;
			sourceTree = "<group>";
		};
		2A9C60F5125253B100D2E85D /* Entities */ = {
			isa = PBXGroup;
			children = (
			);
			name = Entities;
			sourceTree = "<group>";
		};
		2A9C61501252561A00D2E85D /* Sprites */ = {
			isa = PBXGroup;
			children = (
				2A9C62741252665C00D2E85D /* player.png */,
				2A9C61511252561A00D2E85D /* tom_walk.png */,
			);
			path = Sprites;
			sourceTree = "<group>";
		};
		2A9C62661252617600D2E85D /* Game Resources */ = {
			isa = PBXGroup;
			children = (
				2A9C624712525F4900D2E85D /* Collisions.plist */,
				2A9C6165125256CB00D2E85D /* Animations.plist */,
				2AED4F621253D0C600CC0071 /* Maps.plist */,
				2A9C61501252561A00D2E85D /* Sprites */,
				5B2BBC77124F16CF0045320D /* Maps */,
				5B60DC38124EF3D5004D846C /* Textures */,
			);
			name = "Game Resources";
			sourceTree = "<group>";
		};
		5B2BBC77124F16CF0045320D /* Maps */ = {
			isa = PBXGroup;
			children = (
				2AED4F641253D1C900CC0071 /* lvl2_idx.csv */,
				2A7CEB72124FF28E0083E8E6 /* lvl1_idx.csv */,
			);
			name = Maps;
			sourceTree = "<group>";
		};
		5B60DC38124EF3D5004D846C /* Textures */ = {
			isa = PBXGroup;
			children = (
				2A11ABE2125518E800B76EF1 /* life_title.png */,
				2A11AADC1255107400B76EF1 /* hearts.png */,
				2A11AAC812550E8D00B76EF1 /* hud.png */,
				2A84E7F21252A9C500F159F6 /* thumbMarker.png */,
				2A84E4841252859F00F159F6 /* dpad.png */,
				2A84E447125282D600F159F6 /* bg_controller.png */,
				5B2BBC74124F16C70045320D /* tilemap_32.png */,
				5B60DC39124EF3D5004D846C /* link.png */,
			);
			path = Textures;
			sourceTree = "<group>";
		};
		5BB82909124EDC8F009887F9 /* Framework */ = {
			isa = PBXGroup;
			children = (
				5B60DAE3124EEF66004D846C /* GameState.h */,
				5B60DAE4124EEF66004D846C /* GameState.m */,
				5B60DAE5124EEF66004D846C /* GameStateManager.h */,
				5B60DAE6124EEF66004D846C /* GameStateManager.m */,
				5B60DAE7124EEF66004D846C /* GLESGameState.h */,
				5B60DAE8124EEF66004D846C /* GLESGameState.m */,
				5B60DAE9124EEF66004D846C /* GLFont.h */,
				5B60DAEA124EEF66004D846C /* GLFont.m */,
				5B60DAEB124EEF66004D846C /* GLTexture.h */,
				5B60DAEC124EEF66004D846C /* GLTexture.m */,
				5B60DAED124EEF66004D846C /* ResourceManager.h */,
				5B60DAEE124EEF66004D846C /* ResourceManager.m */,
				5B60DAEF124EEF66004D846C /* SoundEngine.cpp */,
				5B60DAF0124EEF66004D846C /* SoundEngine.h */,
				2A84E46D125283E600F159F6 /* Controller.h */,
				2A84E46E125283E600F159F6 /* Controller.m */,
				2A84E4901252862E00F159F6 /* DPad.h */,
				2A84E4911252862E00F159F6 /* DPad.m */,
			);
			name = Framework;
			sourceTree = "<group>";
		};
		5BB8290A124EDCA2009887F9 /* Game States */ = {
			isa = PBXGroup;
			children = (
				2A11AACB12550ED800B76EF1 /* HUD.h */,
				2A11AACC12550ED800B76EF1 /* HUD.m */,
				5BB828A3124ED5F1009887F9 /* GSMain.h */,
				5BB828A4124ED5F1009887F9 /* GSMain.m */,
				2A99076C12566BA900F0314B /* GSMainMenu.h */,
				2A99076D12566BA900F0314B /* GSMainMenu.m */,
				2A99076E12566BA900F0314B /* GSMainMenu.xib */,
			);
			name = "Game States";
			sourceTree = "<group>";
		};
/* End PBXGroup section */

/* Begin PBXNativeTarget section */
		1D6058900D05DD3D006BFB54 /* TNTSpriteEngine */ = {
			isa = PBXNativeTarget;
			buildConfigurationList = 1D6058960D05DD3E006BFB54 /* Build configuration list for PBXNativeTarget "TNTSpriteEngine" */;
			buildPhases = (
				1D60588D0D05DD3D006BFB54 /* Resources */,
				1D60588E0D05DD3D006BFB54 /* Sources */,
				1D60588F0D05DD3D006BFB54 /* Frameworks */,
			);
			buildRules = (
			);
			dependencies = (
			);
			name = TNTSpriteEngine;
			productName = TNTSpriteEngine;
			productReference = 1D6058910D05DD3D006BFB54 /* TNTSpriteEngine.app */;
			productType = "com.apple.product-type.application";
		};
/* End PBXNativeTarget section */

/* Begin PBXProject section */
		29B97313FDCFA39411CA2CEA /* Project object */ = {
			isa = PBXProject;
			buildConfigurationList = C01FCF4E08A954540054247B /* Build configuration list for PBXProject "TNTSpriteEngine" */;
			compatibilityVersion = "Xcode 3.1";
			developmentRegion = English;
			hasScannedForEncodings = 1;
			knownRegions = (
				English,
				Japanese,
				French,
				German,
			);
			mainGroup = 29B97314FDCFA39411CA2CEA /* CustomTemplate */;
			projectDirPath = "";
			projectRoot = "";
			targets = (
				1D6058900D05DD3D006BFB54 /* TNTSpriteEngine */,
			);
		};
/* End PBXProject section */

/* Begin PBXResourcesBuildPhase section */
		1D60588D0D05DD3D006BFB54 /* Resources */ = {
			isa = PBXResourcesBuildPhase;
			buildActionMask = 2147483647;
			files = (
				28AD733F0D9D9553002E5188 /* MainWindow.xib in Resources */,
				2899E5220DE3E06400AC0155 /* TNTSpriteEngineViewController.xib in Resources */,
				5B60DC3A124EF3D5004D846C /* link.png in Resources */,
				5B2BBC75124F16C70045320D /* tilemap_32.png in Resources */,
				2A7CEB73124FF28E0083E8E6 /* lvl1_idx.csv in Resources */,
				2A9C61521252561A00D2E85D /* tom_walk.png in Resources */,
				2A9C6166125256CB00D2E85D /* Animations.plist in Resources */,
				2A9C624812525F4900D2E85D /* Collisions.plist in Resources */,
				2A9C62751252665C00D2E85D /* player.png in Resources */,
				2A84E448125282D600F159F6 /* bg_controller.png in Resources */,
				2A84E4851252859F00F159F6 /* dpad.png in Resources */,
				2A84E7F31252A9C500F159F6 /* thumbMarker.png in Resources */,
				2AED4F631253D0C600CC0071 /* Maps.plist in Resources */,
				2AED4F651253D1C900CC0071 /* lvl2_idx.csv in Resources */,
				2A11AAC912550E8D00B76EF1 /* hud.png in Resources */,
				2A11AADD1255107400B76EF1 /* hearts.png in Resources */,
				2A11ABE3125518E800B76EF1 /* life_title.png in Resources */,
				2A99077012566BA900F0314B /* GSMainMenu.xib in Resources */,
			);
			runOnlyForDeploymentPostprocessing = 0;
		};
/* End PBXResourcesBuildPhase section */

/* Begin PBXSourcesBuildPhase section */
		1D60588E0D05DD3D006BFB54 /* Sources */ = {
			isa = PBXSourcesBuildPhase;
			buildActionMask = 2147483647;
			files = (
				1D60589B0D05DD56006BFB54 /* main.m in Sources */,
				1D3623260D0F684500981E51 /* TNTSpriteEngineAppDelegate.m in Sources */,
				28D7ACF80DDB3853001CB0EB /* TNTSpriteEngineViewController.m in Sources */,
				5BB828A5124ED5F1009887F9 /* GSMain.m in Sources */,
				5B60DAF1124EEF66004D846C /* GameState.m in Sources */,
				5B60DAF2124EEF66004D846C /* GameStateManager.m in Sources */,
				5B60DAF3124EEF66004D846C /* GLESGameState.m in Sources */,
				5B60DAF4124EEF66004D846C /* GLFont.m in Sources */,
				5B60DAF5124EEF66004D846C /* GLTexture.m in Sources */,
				5B60DAF6124EEF66004D846C /* ResourceManager.m in Sources */,
				5B60DAF7124EEF66004D846C /* SoundEngine.cpp in Sources */,
				5B2BBC5E124F14DA0045320D /* Tile.m in Sources */,
				5B2BBC5F124F14DA0045320D /* TileWorld.m in Sources */,
				2A9C611E1252549200D2E85D /* Animation.m in Sources */,
				2A9C611F1252549200D2E85D /* Sprite.m in Sources */,
				2A9C612A1252552D00D2E85D /* Entity.m in Sources */,
				2A9C618E1252583A00D2E85D /* Player.m in Sources */,
				2A9C619B125258B200D2E85D /* pointmath.m in Sources */,
				2A84E46F125283E600F159F6 /* Controller.m in Sources */,
				2A84E4921252862E00F159F6 /* DPad.m in Sources */,
				2A11AACD12550ED800B76EF1 /* HUD.m in Sources */,
				2A99076F12566BA900F0314B /* GSMainMenu.m in Sources */,
			);
			runOnlyForDeploymentPostprocessing = 0;
		};
/* End PBXSourcesBuildPhase section */

/* Begin XCBuildConfiguration section */
		1D6058940D05DD3E006BFB54 /* Debug */ = {
			isa = XCBuildConfiguration;
			buildSettings = {
				ALWAYS_SEARCH_USER_PATHS = NO;
				COPY_PHASE_STRIP = NO;
				GCC_DYNAMIC_NO_PIC = NO;
				GCC_OPTIMIZATION_LEVEL = 0;
				GCC_PRECOMPILE_PREFIX_HEADER = YES;
				GCC_PREFIX_HEADER = TNTSpriteEngine_Prefix.pch;
				INFOPLIST_FILE = "TNTSpriteEngine-Info.plist";
				PRODUCT_NAME = TNTSpriteEngine;
			};
			name = Debug;
		};
		1D6058950D05DD3E006BFB54 /* Release */ = {
			isa = XCBuildConfiguration;
			buildSettings = {
				ALWAYS_SEARCH_USER_PATHS = NO;
				COPY_PHASE_STRIP = YES;
				GCC_PRECOMPILE_PREFIX_HEADER = YES;
				GCC_PREFIX_HEADER = TNTSpriteEngine_Prefix.pch;
				INFOPLIST_FILE = "TNTSpriteEngine-Info.plist";
				PRODUCT_NAME = TNTSpriteEngine;
				VALIDATE_PRODUCT = YES;
			};
			name = Release;
		};
		C01FCF4F08A954540054247B /* Debug */ = {
			isa = XCBuildConfiguration;
			buildSettings = {
				ARCHS = "$(ARCHS_UNIVERSAL_IPHONE_OS)";
				"CODE_SIGN_IDENTITY[sdk=iphoneos*]" = "iPhone Developer";
				GCC_C_LANGUAGE_STANDARD = c99;
				GCC_WARN_ABOUT_RETURN_TYPE = YES;
				GCC_WARN_UNUSED_VARIABLE = YES;
				PREBINDING = NO;
				SDKROOT = iphonesimulator3.2;
				TARGETED_DEVICE_FAMILY = 2;
			};
			name = Debug;
		};
		C01FCF5008A954540054247B /* Release */ = {
			isa = XCBuildConfiguration;
			buildSettings = {
				ARCHS = "$(ARCHS_UNIVERSAL_IPHONE_OS)";
				"CODE_SIGN_IDENTITY[sdk=iphoneos*]" = "iPhone Developer";
				GCC_C_LANGUAGE_STANDARD = c99;
				GCC_WARN_ABOUT_RETURN_TYPE = YES;
				GCC_WARN_UNUSED_VARIABLE = YES;
				OTHER_CFLAGS = "-DNS_BLOCK_ASSERTIONS=1";
				PREBINDING = NO;
				SDKROOT = iphoneos3.2;
				TARGETED_DEVICE_FAMILY = 2;
			};
			name = Release;
		};
/* End XCBuildConfiguration section */

/* Begin XCConfigurationList section */
		1D6058960D05DD3E006BFB54 /* Build configuration list for PBXNativeTarget "TNTSpriteEngine" */ = {
			isa = XCConfigurationList;
			buildConfigurations = (
				1D6058940D05DD3E006BFB54 /* Debug */,
				1D6058950D05DD3E006BFB54 /* Release */,
			);
			defaultConfigurationIsVisible = 0;
			defaultConfigurationName = Release;
		};
		C01FCF4E08A954540054247B /* Build configuration list for PBXProject "TNTSpriteEngine" */ = {
			isa = XCConfigurationList;
			buildConfigurations = (
				C01FCF4F08A954540054247B /* Debug */,
				C01FCF5008A954540054247B /* Release */,
			);
			defaultConfigurationIsVisible = 0;
			defaultConfigurationName = Release;
		};
/* End XCConfigurationList section */
	};
	rootObject = 29B97313FDCFA39411CA2CEA /* Project object */;
}
